
Microsoft Visual Studio Solution File, Format Version 12.00
# Visual Studio Version 17
VisualStudioVersion = 17.8.34316.72
MinimumVisualStudioVersion = 10.0.40219.1
Project("{FAE04EC0-301F-11D3-BF4B-00C04F79EFBC}") = "LessonFirst", "LessonFirst\LessonFirst.csproj", "{BC61B4A3-5289-4836-BD83-2BAAB4E5FA1B}"
EndProject
Global
	GlobalSection(SolutionConfigurationPlatforms) = preSolution
		Debug|Any CPU = Debug|Any CPU
		Release|Any CPU = Release|Any CPU
	EndGlobalSection
	GlobalSection(ProjectConfigurationPlatforms) = postSolution
		{BC61B4A3-5289-4836-BD83-2BAAB4E5FA1B}.Debug|Any CPU.ActiveCfg = Debug|Any CPU
		{BC61B4A3-5289-4836-BD83-2BAAB4E5FA1B}.Debug|Any CPU.Build.0 = Debug|Any CPU
		{BC61B4A3-5289-4836-BD83-2BAAB4E5FA1B}.Release|Any CPU.ActiveCfg = Release|Any CPU
		{BC61B4A3-5289-4836-BD83-2BAAB4E5FA1B}.Release|Any CPU.Build.0 = Release|Any CPU
	EndGlobalSection
	GlobalSection(SolutionProperties) = preSolution
		HideSolutionNode = FALSE
	EndGlobalSection
	GlobalSection(ExtensibilityGlobals) = postSolution
		SolutionGuid = {149EC442-D992-4AAC-9AD9-B1799C33065B}
	EndGlobalSection
EndGlobal
